
Microsoft Visual Studio Solution File, Format Version 12.00
# Visual Studio Version 17
VisualStudioVersion = 17.3.32825.248
MinimumVisualStudioVersion = 10.0.40219.1
Project("{FAE04EC0-301F-11D3-BF4B-00C04F79EFBC}") = "HttpProtocol", "HttpProtocol\HttpProtocol.csproj", "{40B3BC60-6CC7-4D0F-A655-521D73DF8A60}"
EndProject
Global
	GlobalSection(SolutionConfigurationPlatforms) = preSolution
		Debug|Any CPU = Debug|Any CPU
		Release|Any CPU = Release|Any CPU
	EndGlobalSection
	GlobalSection(ProjectConfigurationPlatforms) = postSolution
		{40B3BC60-6CC7-4D0F-A655-521D73DF8A60}.Debug|Any CPU.ActiveCfg = Debug|Any CPU
		{40B3BC60-6CC7-4D0F-A655-521D73DF8A60}.Debug|Any CPU.Build.0 = Debug|Any CPU
		{40B3BC60-6CC7-4D0F-A655-521D73DF8A60}.Release|Any CPU.ActiveCfg = Release|Any CPU
		{40B3BC60-6CC7-4D0F-A655-521D73DF8A60}.Release|Any CPU.Build.0 = Release|Any CPU
	EndGlobalSection
	GlobalSection(SolutionProperties) = preSolution
		HideSolutionNode = FALSE
	EndGlobalSection
	GlobalSection(ExtensibilityGlobals) = postSolution
		SolutionGuid = {E10E170E-1156-4B2D-8E88-83AA7B0CB447}
	EndGlobalSection
EndGlobal
